
Microsoft Visual Studio Solution File, Format Version 12.00
# Visual Studio 15
VisualStudioVersion = 15.0.26430.15
MinimumVisualStudioVersion = 10.0.40219.1
Project("{FAE04EC0-301F-11D3-BF4B-00C04F79EFBC}") = "RevisoChallenge", "RevisoChallenge\RevisoChallenge.csproj", "{2B7D0EA1-1EA2-4D01-B52C-2E75367A86E6}"
EndProject
Project("{FAE04EC0-301F-11D3-BF4B-00C04F79EFBC}") = "RevisoChallenge.Tests", "RevisoChallenge.Tests\RevisoChallenge.Tests.csproj", "{8D61BA24-CCA2-4F0B-82B3-E6239F76CF98}"
EndProject
Project("{FAE04EC0-301F-11D3-BF4B-00C04F79EFBC}") = "RevisoChallenge.DAL", "RevisoChallenge.DAL\RevisoChallenge.DAL.csproj", "{ADAF70B2-5E8D-4824-81FD-1C49904C73FB}"
EndProject
Project("{FAE04EC0-301F-11D3-BF4B-00C04F79EFBC}") = "RevisoChallenge.DAL.Tests", "RevisoChallenge.DAL.Tests\RevisoChallenge.DAL.Tests.csproj", "{DFF87AEE-FEC5-4C9C-BF0A-6FC9A6EEFFAA}"
EndProject
Project("{FAE04EC0-301F-11D3-BF4B-00C04F79EFBC}") = "ReactTest", "ReactTest\ReactTest.csproj", "{D0FE35E9-0888-4BB1-931D-1D560860D9DE}"
EndProject
Global
	GlobalSection(SolutionConfigurationPlatforms) = preSolution
		Debug|Any CPU = Debug|Any CPU
		Release|Any CPU = Release|Any CPU
	EndGlobalSection
	GlobalSection(ProjectConfigurationPlatforms) = postSolution
		{2B7D0EA1-1EA2-4D01-B52C-2E75367A86E6}.Debug|Any CPU.ActiveCfg = Debug|Any CPU
		{2B7D0EA1-1EA2-4D01-B52C-2E75367A86E6}.Debug|Any CPU.Build.0 = Debug|Any CPU
		{2B7D0EA1-1EA2-4D01-B52C-2E75367A86E6}.Release|Any CPU.ActiveCfg = Release|Any CPU
		{2B7D0EA1-1EA2-4D01-B52C-2E75367A86E6}.Release|Any CPU.Build.0 = Release|Any CPU
		{8D61BA24-CCA2-4F0B-82B3-E6239F76CF98}.Debug|Any CPU.ActiveCfg = Debug|Any CPU
		{8D61BA24-CCA2-4F0B-82B3-E6239F76CF98}.Debug|Any CPU.Build.0 = Debug|Any CPU
		{8D61BA24-CCA2-4F0B-82B3-E6239F76CF98}.Release|Any CPU.ActiveCfg = Release|Any CPU
		{8D61BA24-CCA2-4F0B-82B3-E6239F76CF98}.Release|Any CPU.Build.0 = Release|Any CPU
		{ADAF70B2-5E8D-4824-81FD-1C49904C73FB}.Debug|Any CPU.ActiveCfg = Debug|Any CPU
		{ADAF70B2-5E8D-4824-81FD-1C49904C73FB}.Debug|Any CPU.Build.0 = Debug|Any CPU
		{ADAF70B2-5E8D-4824-81FD-1C49904C73FB}.Release|Any CPU.ActiveCfg = Release|Any CPU
		{ADAF70B2-5E8D-4824-81FD-1C49904C73FB}.Release|Any CPU.Build.0 = Release|Any CPU
		{DFF87AEE-FEC5-4C9C-BF0A-6FC9A6EEFFAA}.Debug|Any CPU.ActiveCfg = Debug|Any CPU
		{DFF87AEE-FEC5-4C9C-BF0A-6FC9A6EEFFAA}.Debug|Any CPU.Build.0 = Debug|Any CPU
		{DFF87AEE-FEC5-4C9C-BF0A-6FC9A6EEFFAA}.Release|Any CPU.ActiveCfg = Release|Any CPU
		{DFF87AEE-FEC5-4C9C-BF0A-6FC9A6EEFFAA}.Release|Any CPU.Build.0 = Release|Any CPU
		{D0FE35E9-0888-4BB1-931D-1D560860D9DE}.Debug|Any CPU.ActiveCfg = Debug|Any CPU
		{D0FE35E9-0888-4BB1-931D-1D560860D9DE}.Debug|Any CPU.Build.0 = Debug|Any CPU
		{D0FE35E9-0888-4BB1-931D-1D560860D9DE}.Release|Any CPU.ActiveCfg = Release|Any CPU
		{D0FE35E9-0888-4BB1-931D-1D560860D9DE}.Release|Any CPU.Build.0 = Release|Any CPU
	EndGlobalSection
	GlobalSection(SolutionProperties) = preSolution
		HideSolutionNode = FALSE
	EndGlobalSection
EndGlobal
